
Microsoft Visual Studio Solution File, Format Version 12.00
# Visual Studio 14
VisualStudioVersion = 14.0.25420.1
MinimumVisualStudioVersion = 10.0.40219.1
Project("{FAE04EC0-301F-11D3-BF4B-00C04F79EFBC}") = "AngularJSSetUp", "AngularJSSetUp\AngularJSSetUp.csproj", "{D6935C44-C3A3-4897-9606-D4CAFC2C85E2}"
EndProject
Project("{FAE04EC0-301F-11D3-BF4B-00C04F79EFBC}") = "AngularJSSetUp.Tests", "AngularJSSetUp.Tests\AngularJSSetUp.Tests.csproj", "{6C16B354-2D46-4DB0-B677-59998A12A74A}"
EndProject
Global
	GlobalSection(SolutionConfigurationPlatforms) = preSolution
		Debug|Any CPU = Debug|Any CPU
		Release|Any CPU = Release|Any CPU
	EndGlobalSection
	GlobalSection(ProjectConfigurationPlatforms) = postSolution
		{D6935C44-C3A3-4897-9606-D4CAFC2C85E2}.Debug|Any CPU.ActiveCfg = Debug|Any CPU
		{D6935C44-C3A3-4897-9606-D4CAFC2C85E2}.Debug|Any CPU.Build.0 = Debug|Any CPU
		{D6935C44-C3A3-4897-9606-D4CAFC2C85E2}.Release|Any CPU.ActiveCfg = Release|Any CPU
		{D6935C44-C3A3-4897-9606-D4CAFC2C85E2}.Release|Any CPU.Build.0 = Release|Any CPU
		{6C16B354-2D46-4DB0-B677-59998A12A74A}.Debug|Any CPU.ActiveCfg = Debug|Any CPU
		{6C16B354-2D46-4DB0-B677-59998A12A74A}.Debug|Any CPU.Build.0 = Debug|Any CPU
		{6C16B354-2D46-4DB0-B677-59998A12A74A}.Release|Any CPU.ActiveCfg = Release|Any CPU
		{6C16B354-2D46-4DB0-B677-59998A12A74A}.Release|Any CPU.Build.0 = Release|Any CPU
	EndGlobalSection
	GlobalSection(SolutionProperties) = preSolution
		HideSolutionNode = FALSE
	EndGlobalSection
EndGlobal
